
Microsoft Visual Studio Solution File, Format Version 12.00
# Visual Studio Version 17
VisualStudioVersion = 17.5.33516.290
MinimumVisualStudioVersion = 10.0.40219.1
Project("{2150E333-8FDC-42A3-9474-1A3956D46DE8}") = "Engine", "Engine", "{FBAED57A-5CEC-4529-A83E-6C271DD1956E}"
EndProject
Project("{2150E333-8FDC-42A3-9474-1A3956D46DE8}") = "Game", "Game", "{0238D3FB-7A1E-4429-830E-FD7910056D83}"
EndProject
Project("{8BC9CEB8-8B4A-11D0-8D11-00A0C91BC942}") = "Game", "Source\Game\Game\Game.vcxproj", "{59C95EEB-F2DA-4C0E-ADCE-D9DC2A93B639}"
EndProject
Project("{8BC9CEB8-8B4A-11D0-8D11-00A0C91BC942}") = "Core", "Source\Engine\Core\Core.vcxproj", "{FA8BB60E-033B-4536-BB25-C53619B5394A}"
EndProject
Project("{8BC9CEB8-8B4A-11D0-8D11-00A0C91BC942}") = "Render", "Source\Engine\Render\Render.vcxproj", "{61EC503B-6422-4233-B66E-9B3E86EDCA0B}"
EndProject
Project("{8BC9CEB8-8B4A-11D0-8D11-00A0C91BC942}") = "Input", "Source\Engine\Input\Input.vcxproj", "{46D14DF6-23BD-488B-8A3D-032333131155}"
EndProject
Project("{8BC9CEB8-8B4A-11D0-8D11-00A0C91BC942}") = "Audio", "Source\Engine\Audio\Audio.vcxproj", "{5E99B4E9-E041-4422-8E42-3C5BC9F71A1A}"
EndProject
Global
	GlobalSection(SolutionConfigurationPlatforms) = preSolution
		Debug|x64 = Debug|x64
		Debug|x86 = Debug|x86
		Release|x64 = Release|x64
		Release|x86 = Release|x86
	EndGlobalSection
	GlobalSection(ProjectConfigurationPlatforms) = postSolution
		{59C95EEB-F2DA-4C0E-ADCE-D9DC2A93B639}.Debug|x64.ActiveCfg = Debug|x64
		{59C95EEB-F2DA-4C0E-ADCE-D9DC2A93B639}.Debug|x64.Build.0 = Debug|x64
		{59C95EEB-F2DA-4C0E-ADCE-D9DC2A93B639}.Debug|x86.ActiveCfg = Debug|Win32
		{59C95EEB-F2DA-4C0E-ADCE-D9DC2A93B639}.Debug|x86.Build.0 = Debug|Win32
		{59C95EEB-F2DA-4C0E-ADCE-D9DC2A93B639}.Release|x64.ActiveCfg = Release|x64
		{59C95EEB-F2DA-4C0E-ADCE-D9DC2A93B639}.Release|x64.Build.0 = Release|x64
		{59C95EEB-F2DA-4C0E-ADCE-D9DC2A93B639}.Release|x86.ActiveCfg = Release|Win32
		{59C95EEB-F2DA-4C0E-ADCE-D9DC2A93B639}.Release|x86.Build.0 = Release|Win32
		{FA8BB60E-033B-4536-BB25-C53619B5394A}.Debug|x64.ActiveCfg = Debug|x64
		{FA8BB60E-033B-4536-BB25-C53619B5394A}.Debug|x64.Build.0 = Debug|x64
		{FA8BB60E-033B-4536-BB25-C53619B5394A}.Debug|x86.ActiveCfg = Debug|Win32
		{FA8BB60E-033B-4536-BB25-C53619B5394A}.Debug|x86.Build.0 = Debug|Win32
		{FA8BB60E-033B-4536-BB25-C53619B5394A}.Release|x64.ActiveCfg = Release|x64
		{FA8BB60E-033B-4536-BB25-C53619B5394A}.Release|x64.Build.0 = Release|x64
		{FA8BB60E-033B-4536-BB25-C53619B5394A}.Release|x86.ActiveCfg = Release|Win32
		{FA8BB60E-033B-4536-BB25-C53619B5394A}.Release|x86.Build.0 = Release|Win32
		{61EC503B-6422-4233-B66E-9B3E86EDCA0B}.Debug|x64.ActiveCfg = Debug|x64
		{61EC503B-6422-4233-B66E-9B3E86EDCA0B}.Debug|x64.Build.0 = Debug|x64
		{61EC503B-6422-4233-B66E-9B3E86EDCA0B}.Debug|x86.ActiveCfg = Debug|Win32
		{61EC503B-6422-4233-B66E-9B3E86EDCA0B}.Debug|x86.Build.0 = Debug|Win32
		{61EC503B-6422-4233-B66E-9B3E86EDCA0B}.Release|x64.ActiveCfg = Release|x64
		{61EC503B-6422-4233-B66E-9B3E86EDCA0B}.Release|x64.Build.0 = Release|x64
		{61EC503B-6422-4233-B66E-9B3E86EDCA0B}.Release|x86.ActiveCfg = Release|Win32
		{61EC503B-6422-4233-B66E-9B3E86EDCA0B}.Release|x86.Build.0 = Release|Win32
		{46D14DF6-23BD-488B-8A3D-032333131155}.Debug|x64.ActiveCfg = Debug|x64
		{46D14DF6-23BD-488B-8A3D-032333131155}.Debug|x64.Build.0 = Debug|x64
		{46D14DF6-23BD-488B-8A3D-032333131155}.Debug|x86.ActiveCfg = Debug|Win32
		{46D14DF6-23BD-488B-8A3D-032333131155}.Debug|x86.Build.0 = Debug|Win32
		{46D14DF6-23BD-488B-8A3D-032333131155}.Release|x64.ActiveCfg = Release|x64
		{46D14DF6-23BD-488B-8A3D-032333131155}.Release|x64.Build.0 = Release|x64
		{46D14DF6-23BD-488B-8A3D-032333131155}.Release|x86.ActiveCfg = Release|Win32
		{46D14DF6-23BD-488B-8A3D-032333131155}.Release|x86.Build.0 = Release|Win32
		{5E99B4E9-E041-4422-8E42-3C5BC9F71A1A}.Debug|x64.ActiveCfg = Debug|x64
		{5E99B4E9-E041-4422-8E42-3C5BC9F71A1A}.Debug|x64.Build.0 = Debug|x64
		{5E99B4E9-E041-4422-8E42-3C5BC9F71A1A}.Debug|x86.ActiveCfg = Debug|Win32
		{5E99B4E9-E041-4422-8E42-3C5BC9F71A1A}.Debug|x86.Build.0 = Debug|Win32
		{5E99B4E9-E041-4422-8E42-3C5BC9F71A1A}.Release|x64.ActiveCfg = Release|x64
		{5E99B4E9-E041-4422-8E42-3C5BC9F71A1A}.Release|x64.Build.0 = Release|x64
		{5E99B4E9-E041-4422-8E42-3C5BC9F71A1A}.Release|x86.ActiveCfg = Release|Win32
		{5E99B4E9-E041-4422-8E42-3C5BC9F71A1A}.Release|x86.Build.0 = Release|Win32
	EndGlobalSection
	GlobalSection(SolutionProperties) = preSolution
		HideSolutionNode = FALSE
	EndGlobalSection
	GlobalSection(NestedProjects) = preSolution
		{59C95EEB-F2DA-4C0E-ADCE-D9DC2A93B639} = {0238D3FB-7A1E-4429-830E-FD7910056D83}
		{FA8BB60E-033B-4536-BB25-C53619B5394A} = {FBAED57A-5CEC-4529-A83E-6C271DD1956E}
		{61EC503B-6422-4233-B66E-9B3E86EDCA0B} = {FBAED57A-5CEC-4529-A83E-6C271DD1956E}
		{46D14DF6-23BD-488B-8A3D-032333131155} = {FBAED57A-5CEC-4529-A83E-6C271DD1956E}
		{5E99B4E9-E041-4422-8E42-3C5BC9F71A1A} = {FBAED57A-5CEC-4529-A83E-6C271DD1956E}
	EndGlobalSection
	GlobalSection(ExtensibilityGlobals) = postSolution
		SolutionGuid = {CC01C80A-6793-4585-B74C-4E7AADAF4CED}
	EndGlobalSection
EndGlobal
